{
    "_readme": [
        "This file locks the dependencies of your project to a known state",
        "Read more about it at https://getcomposer.org/doc/01-basic-usage.md#composer-lock-the-lock-file",
        "This file is @generated automatically"
    ],
    "content-hash": "5538ea362cd9e2de5e7efbf509eff8f0",
    "packages": [
        {
            "name": "nacmartin/phpexecjs",
            "version": "dev-master",
            "source": {
                "type": "git",
                "url": "https://github.com/nacmartin/phpexecjs.git",
                "reference": "abb8566e4e5d079e30312e72b33bcf01e09990d9"
            },
            "dist": {
                "type": "zip",
                "url": "https://api.github.com/repos/nacmartin/phpexecjs/zipball/abb8566e4e5d079e30312e72b33bcf01e09990d9",
                "reference": "abb8566e4e5d079e30312e72b33bcf01e09990d9",
                "shasum": ""
            },
            "require": {
                "symfony/process": "~2.3|~3.0|^4.0"
            },
            "type": "library",
            "autoload": {
                "psr-0": {
                    "Nacmartin\\PhpExecJs": "src/"
                }
            },
            "notification-url": "https://packagist.org/downloads/",
            "license": [
                "MIT"
            ],
            "authors": [
                {
                    "name": "nacho",
                    "email": "nacho@limenius.com"
                }
            ],
            "description": "Run JavaScript code from PHP",
            "time": "2017-11-22T20:17:42+00:00"
        },
        {
            "name": "symfony/process",
            "version": "dev-master",
            "source": {
                "type": "git",
                "url": "https://github.com/symfony/process.git",
                "reference": "ce937c3c524746b8fdb603683945f760855175da"
            },
            "dist": {
                "type": "zip",
                "url": "https://api.github.com/repos/symfony/process/zipball/ce937c3c524746b8fdb603683945f760855175da",
                "reference": "ce937c3c524746b8fdb603683945f760855175da",
                "shasum": ""
            },
            "require": {
                "php": "^7.1.3"
            },
            "type": "library",
            "extra": {
                "branch-alias": {
                    "dev-master": "4.2-dev"
                }
            },
            "autoload": {
                "psr-4": {
                    "Symfony\\Component\\Process\\": ""
                },
                "exclude-from-classmap": [
                    "/Tests/"
                ]
            },
            "notification-url": "https://packagist.org/downloads/",
            "license": [
                "MIT"
            ],
            "authors": [
                {
                    "name": "Fabien Potencier",
                    "email": "fabien@symfony.com"
                },
                {
                    "name": "Symfony Community",
                    "homepage": "https://symfony.com/contributors"
                }
            ],
            "description": "Symfony Process Component",
            "homepage": "https://symfony.com",
            "time": "2018-08-03T11:20:06+00:00"
        }
    ],
    "packages-dev": [],
    "aliases": [],
    "minimum-stability": "dev",
    "stability-flags": {
        "symfony/process": 20,
        "nacmartin/phpexecjs": 20
    },
    "prefer-stable": false,
    "prefer-lowest": false,
    "platform": [],
    "platform-dev": []
}
